
Microsoft Visual Studio Solution File, Format Version 12.00
# Visual Studio Version 17
VisualStudioVersion = 17.6.33801.468
MinimumVisualStudioVersion = 10.0.40219.1
Project("{FAE04EC0-301F-11D3-BF4B-00C04F79EFBC}") = "DangerSignConsoleApp", "DangerSignConsoleApp.csproj", "{A71E32AE-18FF-4A4D-B315-935053608708}"
EndProject
Global
	GlobalSection(SolutionConfigurationPlatforms) = preSolution
		Debug|Any CPU = Debug|Any CPU
		Release|Any CPU = Release|Any CPU
	EndGlobalSection
	GlobalSection(ProjectConfigurationPlatforms) = postSolution
		{A71E32AE-18FF-4A4D-B315-935053608708}.Debug|Any CPU.ActiveCfg = Debug|Any CPU
		{A71E32AE-18FF-4A4D-B315-935053608708}.Debug|Any CPU.Build.0 = Debug|Any CPU
		{A71E32AE-18FF-4A4D-B315-935053608708}.Release|Any CPU.ActiveCfg = Release|Any CPU
		{A71E32AE-18FF-4A4D-B315-935053608708}.Release|Any CPU.Build.0 = Release|Any CPU
	EndGlobalSection
	GlobalSection(SolutionProperties) = preSolution
		HideSolutionNode = FALSE
	EndGlobalSection
	GlobalSection(ExtensibilityGlobals) = postSolution
		SolutionGuid = {6D655574-9C5C-430A-9B91-2A20D0473ED6}
	EndGlobalSection
EndGlobal
